{
  "name": "hello-theme",
  "lockfileVersion": 3,
  "requires": true,
  "packages": {
    "": {
      "dependencies": {
        "@discordstyles/classes": "^1.0.6"
      }
    },
    "node_modules/@discordstyles/classes": {
      "version": "1.0.6",
      "resolved": "https://registry.npmjs.org/@discordstyles/classes/-/classes-1.0.6.tgz",
      "integrity": "sha512-UtlrPAcRZM0o06HEdrHCyB2g2qelQrytyxQJtekWmRfLvG7miNW1BMb6j/n/Bi5RKgNjtKL2qUzmh2iGBPFibw==",
      "license": "MIT"
    }
  }
}
